
Microsoft Visual Studio Solution File, Format Version 12.00
# Visual Studio Version 17
VisualStudioVersion = 17.8.34330.188
MinimumVisualStudioVersion = 10.0.40219.1
Project("{9A19103F-16F7-4668-BE54-9A1E7A4F7556}") = "Calculator", "Calculator\Calculator.csproj", "{2A0245DD-6FC6-4923-8CDA-BCBC6861C035}"
EndProject
Project("{9A19103F-16F7-4668-BE54-9A1E7A4F7556}") = "Class_Money", "Lesson_2\Class_Money\Class_Money.csproj", "{8516957E-D931-4D07-9FD8-A57E124AD2C2}"
EndProject
Project("{9A19103F-16F7-4668-BE54-9A1E7A4F7556}") = "Music_Instrument", "Lesson_2\Music_Instrument\Music_Instrument.csproj", "{77EB7F34-1D7D-43F3-82FE-C013A4A426DA}"
EndProject
Project("{FAE04EC0-301F-11D3-BF4B-00C04F79EFBC}") = "Struct", "Struct\Struct.csproj", "{8282254E-D891-454E-AD13-045242AE91CA}"
EndProject
Project("{9A19103F-16F7-4668-BE54-9A1E7A4F7556}") = "Ioutput", "Lesson_3\Ioutput\Ioutput.csproj", "{CE583525-36DB-409B-86D3-4E575A358572}"
EndProject
Project("{9A19103F-16F7-4668-BE54-9A1E7A4F7556}") = "Imath", "Lesson_3\Imath\Imath.csproj", "{0FABC18F-2543-421A-A36A-E9A98DA20A91}"
EndProject
Project("{9A19103F-16F7-4668-BE54-9A1E7A4F7556}") = "E_mployee", "Lesson_4\E_mployee\E_mployee.csproj", "{A9845D1B-79A6-44E5-A1F3-C3E58AB459D9}"
EndProject
Project("{FAE04EC0-301F-11D3-BF4B-00C04F79EFBC}") = "Town", "Lesson_4\Town\Town.csproj", "{7A555336-1DBC-4091-917A-C22D9ED5DEFB}"
EndProject
Project("{9A19103F-16F7-4668-BE54-9A1E7A4F7556}") = "Credit_card", "Lesson_4\Credit_card\Credit_card.csproj", "{D74AE050-F80B-4242-869D-14732E2CF094}"
EndProject
Project("{FAE04EC0-301F-11D3-BF4B-00C04F79EFBC}") = "Stage_Play", "Lesson_5\Stage_Play\Stage_Play.csproj", "{EDE94F53-3934-4D81-86FE-95B6E81CDC76}"
EndProject
Project("{FAE04EC0-301F-11D3-BF4B-00C04F79EFBC}") = "Market_", "Lesson_5\Market_\Market_.csproj", "{6E21D1EC-72E4-44D7-92D9-7685E891D3F1}"
EndProject
Global
	GlobalSection(SolutionConfigurationPlatforms) = preSolution
		Debug|Any CPU = Debug|Any CPU
		Release|Any CPU = Release|Any CPU
	EndGlobalSection
	GlobalSection(ProjectConfigurationPlatforms) = postSolution
		{2A0245DD-6FC6-4923-8CDA-BCBC6861C035}.Debug|Any CPU.ActiveCfg = Debug|Any CPU
		{2A0245DD-6FC6-4923-8CDA-BCBC6861C035}.Debug|Any CPU.Build.0 = Debug|Any CPU
		{2A0245DD-6FC6-4923-8CDA-BCBC6861C035}.Release|Any CPU.ActiveCfg = Release|Any CPU
		{2A0245DD-6FC6-4923-8CDA-BCBC6861C035}.Release|Any CPU.Build.0 = Release|Any CPU
		{8516957E-D931-4D07-9FD8-A57E124AD2C2}.Debug|Any CPU.ActiveCfg = Debug|Any CPU
		{8516957E-D931-4D07-9FD8-A57E124AD2C2}.Debug|Any CPU.Build.0 = Debug|Any CPU
		{8516957E-D931-4D07-9FD8-A57E124AD2C2}.Release|Any CPU.ActiveCfg = Release|Any CPU
		{8516957E-D931-4D07-9FD8-A57E124AD2C2}.Release|Any CPU.Build.0 = Release|Any CPU
		{77EB7F34-1D7D-43F3-82FE-C013A4A426DA}.Debug|Any CPU.ActiveCfg = Debug|Any CPU
		{77EB7F34-1D7D-43F3-82FE-C013A4A426DA}.Debug|Any CPU.Build.0 = Debug|Any CPU
		{77EB7F34-1D7D-43F3-82FE-C013A4A426DA}.Release|Any CPU.ActiveCfg = Release|Any CPU
		{77EB7F34-1D7D-43F3-82FE-C013A4A426DA}.Release|Any CPU.Build.0 = Release|Any CPU
		{8282254E-D891-454E-AD13-045242AE91CA}.Debug|Any CPU.ActiveCfg = Debug|Any CPU
		{8282254E-D891-454E-AD13-045242AE91CA}.Debug|Any CPU.Build.0 = Debug|Any CPU
		{8282254E-D891-454E-AD13-045242AE91CA}.Release|Any CPU.ActiveCfg = Release|Any CPU
		{8282254E-D891-454E-AD13-045242AE91CA}.Release|Any CPU.Build.0 = Release|Any CPU
		{CE583525-36DB-409B-86D3-4E575A358572}.Debug|Any CPU.ActiveCfg = Debug|Any CPU
		{CE583525-36DB-409B-86D3-4E575A358572}.Debug|Any CPU.Build.0 = Debug|Any CPU
		{CE583525-36DB-409B-86D3-4E575A358572}.Release|Any CPU.ActiveCfg = Release|Any CPU
		{CE583525-36DB-409B-86D3-4E575A358572}.Release|Any CPU.Build.0 = Release|Any CPU
		{0FABC18F-2543-421A-A36A-E9A98DA20A91}.Debug|Any CPU.ActiveCfg = Debug|Any CPU
		{0FABC18F-2543-421A-A36A-E9A98DA20A91}.Debug|Any CPU.Build.0 = Debug|Any CPU
		{0FABC18F-2543-421A-A36A-E9A98DA20A91}.Release|Any CPU.ActiveCfg = Release|Any CPU
		{0FABC18F-2543-421A-A36A-E9A98DA20A91}.Release|Any CPU.Build.0 = Release|Any CPU
		{A9845D1B-79A6-44E5-A1F3-C3E58AB459D9}.Debug|Any CPU.ActiveCfg = Debug|Any CPU
		{A9845D1B-79A6-44E5-A1F3-C3E58AB459D9}.Debug|Any CPU.Build.0 = Debug|Any CPU
		{A9845D1B-79A6-44E5-A1F3-C3E58AB459D9}.Release|Any CPU.ActiveCfg = Release|Any CPU
		{A9845D1B-79A6-44E5-A1F3-C3E58AB459D9}.Release|Any CPU.Build.0 = Release|Any CPU
		{7A555336-1DBC-4091-917A-C22D9ED5DEFB}.Debug|Any CPU.ActiveCfg = Debug|Any CPU
		{7A555336-1DBC-4091-917A-C22D9ED5DEFB}.Debug|Any CPU.Build.0 = Debug|Any CPU
		{7A555336-1DBC-4091-917A-C22D9ED5DEFB}.Release|Any CPU.ActiveCfg = Release|Any CPU
		{7A555336-1DBC-4091-917A-C22D9ED5DEFB}.Release|Any CPU.Build.0 = Release|Any CPU
		{D74AE050-F80B-4242-869D-14732E2CF094}.Debug|Any CPU.ActiveCfg = Debug|Any CPU
		{D74AE050-F80B-4242-869D-14732E2CF094}.Debug|Any CPU.Build.0 = Debug|Any CPU
		{D74AE050-F80B-4242-869D-14732E2CF094}.Release|Any CPU.ActiveCfg = Release|Any CPU
		{D74AE050-F80B-4242-869D-14732E2CF094}.Release|Any CPU.Build.0 = Release|Any CPU
		{EDE94F53-3934-4D81-86FE-95B6E81CDC76}.Debug|Any CPU.ActiveCfg = Debug|Any CPU
		{EDE94F53-3934-4D81-86FE-95B6E81CDC76}.Debug|Any CPU.Build.0 = Debug|Any CPU
		{EDE94F53-3934-4D81-86FE-95B6E81CDC76}.Release|Any CPU.ActiveCfg = Release|Any CPU
		{EDE94F53-3934-4D81-86FE-95B6E81CDC76}.Release|Any CPU.Build.0 = Release|Any CPU
		{6E21D1EC-72E4-44D7-92D9-7685E891D3F1}.Debug|Any CPU.ActiveCfg = Debug|Any CPU
		{6E21D1EC-72E4-44D7-92D9-7685E891D3F1}.Debug|Any CPU.Build.0 = Debug|Any CPU
		{6E21D1EC-72E4-44D7-92D9-7685E891D3F1}.Release|Any CPU.ActiveCfg = Release|Any CPU
		{6E21D1EC-72E4-44D7-92D9-7685E891D3F1}.Release|Any CPU.Build.0 = Release|Any CPU
	EndGlobalSection
	GlobalSection(SolutionProperties) = preSolution
		HideSolutionNode = FALSE
	EndGlobalSection
	GlobalSection(ExtensibilityGlobals) = postSolution
		SolutionGuid = {46F0EAA0-10AA-4E71-8C76-AF0AEDBEEC8A}
	EndGlobalSection
EndGlobal
